
Microsoft Visual Studio Solution File, Format Version 12.00
# Visual Studio Version 16
VisualStudioVersion = 16.0.29613.14
MinimumVisualStudioVersion = 10.0.40219.1
Project("{9A19103F-16F7-4668-BE54-9A1E7A4F7556}") = "PocDapper", "PocDapper\PocDapper.csproj", "{1E763912-5588-4530-84BD-44B449D52A8F}"
EndProject
Project("{9A19103F-16F7-4668-BE54-9A1E7A4F7556}") = "Infra", "Infra\Infra.csproj", "{7F612A21-40F0-4341-88D7-2B27B43F6063}"
EndProject
Project("{9A19103F-16F7-4668-BE54-9A1E7A4F7556}") = "Service", "Service\Service.csproj", "{2768DF2B-2F15-48E6-8464-5FA80AB547CB}"
EndProject
Project("{9A19103F-16F7-4668-BE54-9A1E7A4F7556}") = "CrossCutting", "CrossCutting\CrossCutting.csproj", "{F606C4CF-3AF9-4D63-9BFB-9392E5FBABD1}"
EndProject
Project("{FAE04EC0-301F-11D3-BF4B-00C04F79EFBC}") = "Service.Test", "Service.Test\Service.Test.csproj", "{F3092E5B-9B33-483F-B63B-A379B880D5E2}"
EndProject
Project("{FAE04EC0-301F-11D3-BF4B-00C04F79EFBC}") = "Integration.Test", "Tests\Integration.Test\Integration.Test.csproj", "{456E4DB1-A035-459F-A293-DC1854D26EE3}"
EndProject
Global
	GlobalSection(SolutionConfigurationPlatforms) = preSolution
		Debug|Any CPU = Debug|Any CPU
		Release|Any CPU = Release|Any CPU
	EndGlobalSection
	GlobalSection(ProjectConfigurationPlatforms) = postSolution
		{1E763912-5588-4530-84BD-44B449D52A8F}.Debug|Any CPU.ActiveCfg = Debug|Any CPU
		{1E763912-5588-4530-84BD-44B449D52A8F}.Debug|Any CPU.Build.0 = Debug|Any CPU
		{1E763912-5588-4530-84BD-44B449D52A8F}.Release|Any CPU.ActiveCfg = Release|Any CPU
		{1E763912-5588-4530-84BD-44B449D52A8F}.Release|Any CPU.Build.0 = Release|Any CPU
		{7F612A21-40F0-4341-88D7-2B27B43F6063}.Debug|Any CPU.ActiveCfg = Debug|Any CPU
		{7F612A21-40F0-4341-88D7-2B27B43F6063}.Debug|Any CPU.Build.0 = Debug|Any CPU
		{7F612A21-40F0-4341-88D7-2B27B43F6063}.Release|Any CPU.ActiveCfg = Release|Any CPU
		{7F612A21-40F0-4341-88D7-2B27B43F6063}.Release|Any CPU.Build.0 = Release|Any CPU
		{2768DF2B-2F15-48E6-8464-5FA80AB547CB}.Debug|Any CPU.ActiveCfg = Debug|Any CPU
		{2768DF2B-2F15-48E6-8464-5FA80AB547CB}.Debug|Any CPU.Build.0 = Debug|Any CPU
		{2768DF2B-2F15-48E6-8464-5FA80AB547CB}.Release|Any CPU.ActiveCfg = Release|Any CPU
		{2768DF2B-2F15-48E6-8464-5FA80AB547CB}.Release|Any CPU.Build.0 = Release|Any CPU
		{F606C4CF-3AF9-4D63-9BFB-9392E5FBABD1}.Debug|Any CPU.ActiveCfg = Debug|Any CPU
		{F606C4CF-3AF9-4D63-9BFB-9392E5FBABD1}.Debug|Any CPU.Build.0 = Debug|Any CPU
		{F606C4CF-3AF9-4D63-9BFB-9392E5FBABD1}.Release|Any CPU.ActiveCfg = Release|Any CPU
		{F606C4CF-3AF9-4D63-9BFB-9392E5FBABD1}.Release|Any CPU.Build.0 = Release|Any CPU
		{F3092E5B-9B33-483F-B63B-A379B880D5E2}.Debug|Any CPU.ActiveCfg = Debug|Any CPU
		{F3092E5B-9B33-483F-B63B-A379B880D5E2}.Debug|Any CPU.Build.0 = Debug|Any CPU
		{F3092E5B-9B33-483F-B63B-A379B880D5E2}.Release|Any CPU.ActiveCfg = Release|Any CPU
		{F3092E5B-9B33-483F-B63B-A379B880D5E2}.Release|Any CPU.Build.0 = Release|Any CPU
		{456E4DB1-A035-459F-A293-DC1854D26EE3}.Debug|Any CPU.ActiveCfg = Debug|Any CPU
		{456E4DB1-A035-459F-A293-DC1854D26EE3}.Debug|Any CPU.Build.0 = Debug|Any CPU
		{456E4DB1-A035-459F-A293-DC1854D26EE3}.Release|Any CPU.ActiveCfg = Release|Any CPU
		{456E4DB1-A035-459F-A293-DC1854D26EE3}.Release|Any CPU.Build.0 = Release|Any CPU
	EndGlobalSection
	GlobalSection(SolutionProperties) = preSolution
		HideSolutionNode = FALSE
	EndGlobalSection
	GlobalSection(ExtensibilityGlobals) = postSolution
		SolutionGuid = {C72A19C7-112A-4ADF-97CD-C92C32C241D7}
	EndGlobalSection
EndGlobal
